{
  "version": 4,
  "terraform_version": "0.12.4",
  "serial": 35,
  "lineage": "1eddd1cb-f520-3048-1030-ea77d28c868f",
  "outputs": {},
  "resources": [
    {
      "mode": "data",
      "type": "aws_availability_zones",
      "name": "available",
      "provider": "provider.aws",
      "instances": [
        {
          "schema_version": 0,
          "attributes": {
            "blacklisted_names": null,
            "blacklisted_zone_ids": null,
            "id": "2020-02-03 17:10:29.399796434 +0000 UTC",
            "names": [
              "ap-south-1a",
              "ap-south-1b",
              "ap-south-1c"
            ],
            "state": null,
            "zone_ids": [
              "aps1-az1",
              "aps1-az3",
              "aps1-az2"
            ]
          }
        }
      ]
    },
    {
      "mode": "managed",
      "type": "aws_autoscaling_attachment",
      "name": "alb_autoscale",
      "provider": "provider.aws",
      "instances": [
        {
          "schema_version": 0,
          "attributes": {
            "alb_target_group_arn": "arn:aws:elasticloadbalancing:ap-south-1:906428324182:targetgroup/alb-target-group/3c1e8afdde00dbcb",
            "autoscaling_group_name": "tf-asg-20200203171039110800000002",
            "elb": null,
            "id": "tf-asg-20200203171039110800000002-20200203171116374000000003"
          },
          "private": "bnVsbA==",
          "depends_on": [
            "aws_autoscaling_group.autoscale_group",
            "aws_lb_target_group.alb_target_group"
          ]
        }
      ]
    },
    {
      "mode": "managed",
      "type": "aws_autoscaling_attachment",
      "name": "nlb_autoscale",
      "provider": "provider.aws",
      "instances": [
        {
          "schema_version": 0,
          "attributes": {
            "alb_target_group_arn": "arn:aws:elasticloadbalancing:ap-south-1:906428324182:targetgroup/nlb-target-group/f9ddb2db7544f2b0",
            "autoscaling_group_name": "tf-asg-20200203171039110800000002",
            "elb": null,
            "id": "tf-asg-20200203171039110800000002-20200203171116374400000004"
          },
          "private": "bnVsbA==",
          "depends_on": [
            "aws_autoscaling_group.autoscale_group",
            "aws_lb_target_group.nlb_target_group"
          ]
        }
      ]
    },
    {
      "mode": "managed",
      "type": "aws_autoscaling_group",
      "name": "autoscale_group",
      "provider": "provider.aws",
      "instances": [
        {
          "schema_version": 0,
          "attributes": {
            "arn": "arn:aws:autoscaling:ap-south-1:906428324182:autoScalingGroup:cade6229-b1a1-47bb-9f95-af5a958457ce:autoScalingGroupName/tf-asg-20200203171039110800000002",
            "availability_zones": [
              "ap-south-1a",
              "ap-south-1b"
            ],
            "default_cooldown": 300,
            "desired_capacity": 2,
            "enabled_metrics": null,
            "force_delete": false,
            "health_check_grace_period": 300,
            "health_check_type": "EC2",
            "id": "tf-asg-20200203171039110800000002",
            "initial_lifecycle_hook": [],
            "launch_configuration": "terraform-20200203171038341700000001",
            "launch_template": [],
            "load_balancers": [
              "elb"
            ],
            "max_instance_lifetime": 0,
            "max_size": 4,
            "metrics_granularity": "1Minute",
            "min_elb_capacity": null,
            "min_size": 2,
            "mixed_instances_policy": [],
            "name": "tf-asg-20200203171039110800000002",
            "name_prefix": null,
            "placement_group": "",
            "protect_from_scale_in": false,
            "service_linked_role_arn": "arn:aws:iam::906428324182:role/aws-service-role/autoscaling.amazonaws.com/AWSServiceRoleForAutoScaling",
            "suspended_processes": null,
            "tag": [],
            "tags": [
              {
                "key": "Name",
                "propagate_at_launch": "true",
                "value": "autoscale"
              }
            ],
            "target_group_arns": [],
            "termination_policies": null,
            "timeouts": null,
            "vpc_zone_identifier": [
              "subnet-046eed321ea9f5edf",
              "subnet-0d8fdb43897c68c14"
            ],
            "wait_for_capacity_timeout": "10m",
            "wait_for_elb_capacity": null
          },
          "private": "eyJlMmJmYjczMC1lY2FhLTExZTYtOGY4OC0zNDM2M2JjN2M0YzAiOnsiZGVsZXRlIjo2MDAwMDAwMDAwMDB9fQ==",
          "depends_on": [
            "aws_elb.elb",
            "aws_launch_configuration.autoscale_launch",
            "aws_subnet.PrivateSubnetA",
            "aws_subnet.PrivateSubnetB"
          ]
        }
      ]
    },
    {
      "mode": "managed",
      "type": "aws_eip",
      "name": "natgw_a",
      "provider": "provider.aws",
      "instances": [
        {
          "schema_version": 0,
          "attributes": {
            "allocation_id": null,
            "associate_with_private_ip": null,
            "association_id": "eipassoc-db72e627",
            "domain": "vpc",
            "id": "eipalloc-02d1556a5dd6143b7",
            "instance": "",
            "network_interface": "eni-072bd26289ca770fe",
            "private_dns": "ip-10-0-0-235.ap-south-1.compute.internal",
            "private_ip": "10.0.0.235",
            "public_dns": "ec2-3-6-174-160.ap-south-1.compute.amazonaws.com",
            "public_ip": "3.6.174.160",
            "public_ipv4_pool": "amazon",
            "tags": {},
            "timeouts": null,
            "vpc": true
          },
          "private": "eyJlMmJmYjczMC1lY2FhLTExZTYtOGY4OC0zNDM2M2JjN2M0YzAiOnsiZGVsZXRlIjoxODAwMDAwMDAwMDAsInJlYWQiOjkwMDAwMDAwMDAwMCwidXBkYXRlIjozMDAwMDAwMDAwMDB9fQ=="
        }
      ]
    },
    {
      "mode": "managed",
      "type": "aws_eip",
      "name": "natgw_b",
      "provider": "provider.aws",
      "instances": [
        {
          "schema_version": 0,
          "attributes": {
            "allocation_id": null,
            "associate_with_private_ip": null,
            "association_id": "eipassoc-98ed3f42",
            "domain": "vpc",
            "id": "eipalloc-007659e65ab5314a7",
            "instance": "",
            "network_interface": "eni-0801e0da33f22a66f",
            "private_dns": "ip-10-0-2-214.ap-south-1.compute.internal",
            "private_ip": "10.0.2.214",
            "public_dns": "ec2-35-154-31-140.ap-south-1.compute.amazonaws.com",
            "public_ip": "35.154.31.140",
            "public_ipv4_pool": "amazon",
            "tags": {},
            "timeouts": null,
            "vpc": true
          },
          "private": "eyJlMmJmYjczMC1lY2FhLTExZTYtOGY4OC0zNDM2M2JjN2M0YzAiOnsiZGVsZXRlIjoxODAwMDAwMDAwMDAsInJlYWQiOjkwMDAwMDAwMDAwMCwidXBkYXRlIjozMDAwMDAwMDAwMDB9fQ=="
        }
      ]
    },
    {
      "mode": "managed",
      "type": "aws_elb",
      "name": "elb",
      "provider": "provider.aws",
      "instances": [
        {
          "schema_version": 0,
          "attributes": {
            "access_logs": [],
            "arn": "arn:aws:elasticloadbalancing:ap-south-1:906428324182:loadbalancer/elb",
            "availability_zones": [
              "ap-south-1a",
              "ap-south-1b"
            ],
            "connection_draining": false,
            "connection_draining_timeout": 300,
            "cross_zone_load_balancing": true,
            "dns_name": "elb-1917953011.ap-south-1.elb.amazonaws.com",
            "health_check": [
              {
                "healthy_threshold": 2,
                "interval": 30,
                "target": "HTTP:80/",
                "timeout": 3,
                "unhealthy_threshold": 2
              }
            ],
            "id": "elb",
            "idle_timeout": 60,
            "instances": [],
            "internal": false,
            "listener": [
              {
                "instance_port": 80,
                "instance_protocol": "http",
                "lb_port": 80,
                "lb_protocol": "http",
                "ssl_certificate_id": ""
              }
            ],
            "name": "elb",
            "name_prefix": null,
            "security_groups": [
              "sg-0971b708d66b1bfa6"
            ],
            "source_security_group": "906428324182/sec_elb",
            "source_security_group_id": "sg-0971b708d66b1bfa6",
            "subnets": [
              "subnet-048ed2fd4d4dcc092",
              "subnet-0ca63437a4e2139f0"
            ],
            "tags": null,
            "zone_id": "ZP97RAFLXTNZK"
          },
          "private": "bnVsbA==",
          "depends_on": [
            "aws_security_group.sec_lb",
            "aws_subnet.PublicSubnetA",
            "aws_subnet.PublicSubnetB"
          ]
        }
      ]
    },
    {
      "mode": "managed",
      "type": "aws_internet_gateway",
      "name": "gw",
      "provider": "provider.aws",
      "instances": [
        {
          "schema_version": 0,
          "attributes": {
            "id": "igw-0cb5e9dc776a6d4fc",
            "owner_id": "906428324182",
            "tags": {
              "Name": "Internet Gateway"
            },
            "vpc_id": "vpc-04b21643d4c8f7c84"
          },
          "private": "bnVsbA==",
          "depends_on": [
            "aws_vpc.default"
          ]
        }
      ]
    },
    {
      "mode": "managed",
      "type": "aws_key_pair",
      "name": "auth",
      "provider": "provider.aws",
      "instances": [
        {
          "schema_version": 1,
          "attributes": {
            "fingerprint": "46:92:6c:a0:0a:5d:d9:28:bc:f0:26:a2:e0:e9:40:e2",
            "id": "terraform-1",
            "key_name": "terraform-1",
            "key_name_prefix": null,
            "key_pair_id": "key-086e18ee703ad52dd",
            "public_key": "ssh-rsa AAAAB3NzaC1yc2EAAAADAQABAAABAQDI7S+gYV+Af5kY5BxUDZvSVwg5jeQKnpz0yAZXGLMXGgOpT5RslNBN+Ks+63wfe+fruuWsyJAP9KpBPOP4MEfTto7RVxdm5FxCd5Ji7Dd8BKJ3/XuaZswMUuqdJ+orJah/SKuTdKxyxhF4mDYsC8Fgc8pnqJOqAHeD3MXrNq+ii233euCzahl+t5oKyPDzQQdauqN9IOzIN12YoAO3r9sBLTaTFzvyLaUBMV1We2GzdF9ENk8o4U0r6TxNwPwuvaH0f3zNXa6VcL1A2gszwRjk4KpFRE9AuhMSnbZVSOz4u2I7IK5Qlsvr0JjFuxbhgpZwQef1x4TyIYPjnuoRhyGJ root@server",
            "tags": null
          },
          "private": "eyJzY2hlbWFfdmVyc2lvbiI6IjEifQ=="
        }
      ]
    },
    {
      "mode": "managed",
      "type": "aws_launch_configuration",
      "name": "autoscale_launch",
      "provider": "provider.aws",
      "instances": [
        {
          "schema_version": 0,
          "attributes": {
            "arn": "arn:aws:autoscaling:ap-south-1:906428324182:launchConfiguration:3ced68b8-271d-4c79-99c8-eff9e68dddbd:launchConfigurationName/terraform-20200203171038341700000001",
            "associate_public_ip_address": false,
            "ebs_block_device": [],
            "ebs_optimized": false,
            "enable_monitoring": true,
            "ephemeral_block_device": [],
            "iam_instance_profile": "",
            "id": "terraform-20200203171038341700000001",
            "image_id": "ami-04125d804acca5692",
            "instance_type": "t2.micro",
            "key_name": "terraform-1",
            "name": "terraform-20200203171038341700000001",
            "name_prefix": null,
            "placement_tenancy": null,
            "root_block_device": [],
            "security_groups": [
              "sg-04cabaef6e69b6279"
            ],
            "spot_price": "",
            "user_data": "4bf43398a1ebec4c22a155c00ab04709fbaf9b51",
            "user_data_base64": null,
            "vpc_classic_link_id": "",
            "vpc_classic_link_security_groups": null
          },
          "private": "bnVsbA==",
          "depends_on": [
            "aws_key_pair.auth",
            "aws_security_group.sec_web"
          ]
        }
      ]
    },
    {
      "mode": "managed",
      "type": "aws_lb",
      "name": "alb",
      "provider": "provider.aws",
      "instances": [
        {
          "schema_version": 0,
          "attributes": {
            "access_logs": [
              {
                "bucket": "",
                "enabled": false,
                "prefix": ""
              }
            ],
            "arn": "arn:aws:elasticloadbalancing:ap-south-1:906428324182:loadbalancer/app/alb/94b69aa7c9cf6011",
            "arn_suffix": "app/alb/94b69aa7c9cf6011",
            "dns_name": "alb-371065241.ap-south-1.elb.amazonaws.com",
            "enable_cross_zone_load_balancing": null,
            "enable_deletion_protection": false,
            "enable_http2": true,
            "id": "arn:aws:elasticloadbalancing:ap-south-1:906428324182:loadbalancer/app/alb/94b69aa7c9cf6011",
            "idle_timeout": 60,
            "internal": false,
            "ip_address_type": "ipv4",
            "load_balancer_type": "application",
            "name": "alb",
            "name_prefix": null,
            "security_groups": [
              "sg-0971b708d66b1bfa6"
            ],
            "subnet_mapping": [
              {
                "allocation_id": "",
                "subnet_id": "subnet-048ed2fd4d4dcc092"
              },
              {
                "allocation_id": "",
                "subnet_id": "subnet-0ca63437a4e2139f0"
              }
            ],
            "subnets": [
              "subnet-048ed2fd4d4dcc092",
              "subnet-0ca63437a4e2139f0"
            ],
            "tags": {
              "Name": "alb"
            },
            "timeouts": null,
            "vpc_id": "vpc-04b21643d4c8f7c84",
            "zone_id": "ZP97RAFLXTNZK"
          },
          "private": "eyJlMmJmYjczMC1lY2FhLTExZTYtOGY4OC0zNDM2M2JjN2M0YzAiOnsiY3JlYXRlIjo2MDAwMDAwMDAwMDAsImRlbGV0ZSI6NjAwMDAwMDAwMDAwLCJ1cGRhdGUiOjYwMDAwMDAwMDAwMH19",
          "depends_on": [
            "aws_security_group.sec_lb",
            "aws_subnet.PublicSubnetA",
            "aws_subnet.PublicSubnetB"
          ]
        }
      ]
    },
    {
      "mode": "managed",
      "type": "aws_lb",
      "name": "nlb",
      "provider": "provider.aws",
      "instances": [
        {
          "schema_version": 0,
          "attributes": {
            "access_logs": [
              {
                "bucket": "",
                "enabled": false,
                "prefix": ""
              }
            ],
            "arn": "arn:aws:elasticloadbalancing:ap-south-1:906428324182:loadbalancer/net/nlb/8a7ca18b8c52fe1e",
            "arn_suffix": "net/nlb/8a7ca18b8c52fe1e",
            "dns_name": "nlb-8a7ca18b8c52fe1e.elb.ap-south-1.amazonaws.com",
            "enable_cross_zone_load_balancing": true,
            "enable_deletion_protection": false,
            "enable_http2": null,
            "id": "arn:aws:elasticloadbalancing:ap-south-1:906428324182:loadbalancer/net/nlb/8a7ca18b8c52fe1e",
            "idle_timeout": null,
            "internal": false,
            "ip_address_type": "ipv4",
            "load_balancer_type": "network",
            "name": "nlb",
            "name_prefix": null,
            "security_groups": [],
            "subnet_mapping": [
              {
                "allocation_id": "",
                "subnet_id": "subnet-048ed2fd4d4dcc092"
              },
              {
                "allocation_id": "",
                "subnet_id": "subnet-0ca63437a4e2139f0"
              }
            ],
            "subnets": [
              "subnet-048ed2fd4d4dcc092",
              "subnet-0ca63437a4e2139f0"
            ],
            "tags": {
              "Name": "nlb"
            },
            "timeouts": null,
            "vpc_id": "vpc-04b21643d4c8f7c84",
            "zone_id": "ZVDDRBQ08TROA"
          },
          "private": "eyJlMmJmYjczMC1lY2FhLTExZTYtOGY4OC0zNDM2M2JjN2M0YzAiOnsiY3JlYXRlIjo2MDAwMDAwMDAwMDAsImRlbGV0ZSI6NjAwMDAwMDAwMDAwLCJ1cGRhdGUiOjYwMDAwMDAwMDAwMH19",
          "depends_on": [
            "aws_subnet.PublicSubnetA",
            "aws_subnet.PublicSubnetB"
          ]
        }
      ]
    },
    {
      "mode": "managed",
      "type": "aws_lb_listener",
      "name": "alb_listener",
      "provider": "provider.aws",
      "instances": [
        {
          "schema_version": 0,
          "attributes": {
            "arn": "arn:aws:elasticloadbalancing:ap-south-1:906428324182:listener/app/alb/94b69aa7c9cf6011/547db4be31719e51",
            "certificate_arn": null,
            "default_action": [
              {
                "authenticate_cognito": [],
                "authenticate_oidc": [],
                "fixed_response": [],
                "order": 1,
                "redirect": [],
                "target_group_arn": "arn:aws:elasticloadbalancing:ap-south-1:906428324182:targetgroup/alb-target-group/3c1e8afdde00dbcb",
                "type": "forward"
              }
            ],
            "id": "arn:aws:elasticloadbalancing:ap-south-1:906428324182:listener/app/alb/94b69aa7c9cf6011/547db4be31719e51",
            "load_balancer_arn": "arn:aws:elasticloadbalancing:ap-south-1:906428324182:loadbalancer/app/alb/94b69aa7c9cf6011",
            "port": 80,
            "protocol": "HTTP",
            "ssl_policy": "",
            "timeouts": null
          },
          "private": "eyJlMmJmYjczMC1lY2FhLTExZTYtOGY4OC0zNDM2M2JjN2M0YzAiOnsicmVhZCI6NjAwMDAwMDAwMDAwfX0=",
          "depends_on": [
            "aws_lb.alb",
            "aws_lb_target_group.alb_target_group"
          ]
        }
      ]
    },
    {
      "mode": "managed",
      "type": "aws_lb_listener",
      "name": "nlb_listener",
      "provider": "provider.aws",
      "instances": [
        {
          "schema_version": 0,
          "attributes": {
            "arn": "arn:aws:elasticloadbalancing:ap-south-1:906428324182:listener/net/nlb/8a7ca18b8c52fe1e/4bd008cf55a87d54",
            "certificate_arn": null,
            "default_action": [
              {
                "authenticate_cognito": [],
                "authenticate_oidc": [],
                "fixed_response": [],
                "order": 1,
                "redirect": [],
                "target_group_arn": "arn:aws:elasticloadbalancing:ap-south-1:906428324182:targetgroup/nlb-target-group/f9ddb2db7544f2b0",
                "type": "forward"
              }
            ],
            "id": "arn:aws:elasticloadbalancing:ap-south-1:906428324182:listener/net/nlb/8a7ca18b8c52fe1e/4bd008cf55a87d54",
            "load_balancer_arn": "arn:aws:elasticloadbalancing:ap-south-1:906428324182:loadbalancer/net/nlb/8a7ca18b8c52fe1e",
            "port": 80,
            "protocol": "TCP",
            "ssl_policy": "",
            "timeouts": null
          },
          "private": "eyJlMmJmYjczMC1lY2FhLTExZTYtOGY4OC0zNDM2M2JjN2M0YzAiOnsicmVhZCI6NjAwMDAwMDAwMDAwfX0=",
          "depends_on": [
            "aws_lb.nlb",
            "aws_lb_target_group.nlb_target_group"
          ]
        }
      ]
    },
    {
      "mode": "managed",
      "type": "aws_lb_target_group",
      "name": "alb_target_group",
      "provider": "provider.aws",
      "instances": [
        {
          "schema_version": 0,
          "attributes": {
            "arn": "arn:aws:elasticloadbalancing:ap-south-1:906428324182:targetgroup/alb-target-group/3c1e8afdde00dbcb",
            "arn_suffix": "targetgroup/alb-target-group/3c1e8afdde00dbcb",
            "deregistration_delay": 300,
            "health_check": [
              {
                "enabled": true,
                "healthy_threshold": 3,
                "interval": 10,
                "matcher": "200",
                "path": "/",
                "port": "80",
                "protocol": "HTTP",
                "timeout": 5,
                "unhealthy_threshold": 10
              }
            ],
            "id": "arn:aws:elasticloadbalancing:ap-south-1:906428324182:targetgroup/alb-target-group/3c1e8afdde00dbcb",
            "lambda_multi_value_headers_enabled": false,
            "name": "alb-target-group",
            "name_prefix": null,
            "port": 80,
            "protocol": "HTTP",
            "proxy_protocol_v2": false,
            "slow_start": 0,
            "stickiness": [
              {
                "cookie_duration": 1800,
                "enabled": true,
                "type": "lb_cookie"
              }
            ],
            "tags": {
              "name": "alb_target_group"
            },
            "target_type": "instance",
            "vpc_id": "vpc-04b21643d4c8f7c84"
          },
          "private": "bnVsbA==",
          "depends_on": [
            "aws_vpc.default"
          ]
        }
      ]
    },
    {
      "mode": "managed",
      "type": "aws_lb_target_group",
      "name": "nlb_target_group",
      "provider": "provider.aws",
      "instances": [
        {
          "schema_version": 0,
          "attributes": {
            "arn": "arn:aws:elasticloadbalancing:ap-south-1:906428324182:targetgroup/nlb-target-group/f9ddb2db7544f2b0",
            "arn_suffix": "targetgroup/nlb-target-group/f9ddb2db7544f2b0",
            "deregistration_delay": 300,
            "health_check": [
              {
                "enabled": true,
                "healthy_threshold": 3,
                "interval": 30,
                "matcher": "",
                "path": "",
                "port": "traffic-port",
                "protocol": "TCP",
                "timeout": 10,
                "unhealthy_threshold": 3
              }
            ],
            "id": "arn:aws:elasticloadbalancing:ap-south-1:906428324182:targetgroup/nlb-target-group/f9ddb2db7544f2b0",
            "lambda_multi_value_headers_enabled": false,
            "name": "nlb-target-group",
            "name_prefix": null,
            "port": 80,
            "protocol": "TCP",
            "proxy_protocol_v2": false,
            "slow_start": 0,
            "stickiness": [],
            "tags": {
              "name": "nlb_target_group"
            },
            "target_type": "instance",
            "vpc_id": "vpc-04b21643d4c8f7c84"
          },
          "private": "bnVsbA==",
          "depends_on": [
            "aws_vpc.default"
          ]
        }
      ]
    },
    {
      "mode": "managed",
      "type": "aws_nat_gateway",
      "name": "public_nat_a",
      "provider": "provider.aws",
      "instances": [
        {
          "schema_version": 0,
          "attributes": {
            "allocation_id": "eipalloc-02d1556a5dd6143b7",
            "id": "nat-046c7aab07970c16d",
            "network_interface_id": "eni-072bd26289ca770fe",
            "private_ip": "10.0.0.235",
            "public_ip": "3.6.174.160",
            "subnet_id": "subnet-0ca63437a4e2139f0",
            "tags": {}
          },
          "private": "bnVsbA==",
          "depends_on": [
            "aws_eip.natgw_a",
            "aws_internet_gateway.gw",
            "aws_subnet.PublicSubnetA"
          ]
        }
      ]
    },
    {
      "mode": "managed",
      "type": "aws_nat_gateway",
      "name": "public_nat_b",
      "provider": "provider.aws",
      "instances": [
        {
          "schema_version": 0,
          "attributes": {
            "allocation_id": "eipalloc-007659e65ab5314a7",
            "id": "nat-06e10764bb376b6fb",
            "network_interface_id": "eni-0801e0da33f22a66f",
            "private_ip": "10.0.2.214",
            "public_ip": "35.154.31.140",
            "subnet_id": "subnet-048ed2fd4d4dcc092",
            "tags": {}
          },
          "private": "bnVsbA==",
          "depends_on": [
            "aws_eip.natgw_b",
            "aws_internet_gateway.gw",
            "aws_subnet.PublicSubnetB"
          ]
        }
      ]
    },
    {
      "mode": "managed",
      "type": "aws_network_acl",
      "name": "all",
      "provider": "provider.aws",
      "instances": [
        {
          "schema_version": 0,
          "attributes": {
            "egress": [
              {
                "action": "allow",
                "cidr_block": "0.0.0.0/0",
                "from_port": 0,
                "icmp_code": 0,
                "icmp_type": 0,
                "ipv6_cidr_block": "",
                "protocol": "-1",
                "rule_no": 2,
                "to_port": 0
              }
            ],
            "id": "acl-02938f33230640814",
            "ingress": [
              {
                "action": "allow",
                "cidr_block": "0.0.0.0/0",
                "from_port": 0,
                "icmp_code": 0,
                "icmp_type": 0,
                "ipv6_cidr_block": "",
                "protocol": "-1",
                "rule_no": 1,
                "to_port": 0
              }
            ],
            "owner_id": "906428324182",
            "subnet_id": null,
            "subnet_ids": [],
            "tags": {
              "Name": "open acl"
            },
            "vpc_id": "vpc-04b21643d4c8f7c84"
          },
          "private": "bnVsbA==",
          "depends_on": [
            "aws_vpc.default"
          ]
        }
      ]
    },
    {
      "mode": "managed",
      "type": "aws_route_table",
      "name": "private_route_a",
      "provider": "provider.aws",
      "instances": [
        {
          "schema_version": 0,
          "attributes": {
            "id": "rtb-0648541b68d6f3751",
            "owner_id": "906428324182",
            "propagating_vgws": [],
            "route": [
              {
                "cidr_block": "0.0.0.0/0",
                "egress_only_gateway_id": "",
                "gateway_id": "",
                "instance_id": "",
                "ipv6_cidr_block": "",
                "nat_gateway_id": "nat-046c7aab07970c16d",
                "network_interface_id": "",
                "transit_gateway_id": "",
                "vpc_peering_connection_id": ""
              }
            ],
            "tags": {
              "Name": "Private Route A"
            },
            "vpc_id": "vpc-04b21643d4c8f7c84"
          },
          "private": "bnVsbA==",
          "depends_on": [
            "aws_nat_gateway.public_nat_a",
            "aws_vpc.default"
          ]
        }
      ]
    },
    {
      "mode": "managed",
      "type": "aws_route_table",
      "name": "private_route_b",
      "provider": "provider.aws",
      "instances": [
        {
          "schema_version": 0,
          "attributes": {
            "id": "rtb-0cf02f1067a055cb7",
            "owner_id": "906428324182",
            "propagating_vgws": [],
            "route": [
              {
                "cidr_block": "0.0.0.0/0",
                "egress_only_gateway_id": "",
                "gateway_id": "",
                "instance_id": "",
                "ipv6_cidr_block": "",
                "nat_gateway_id": "nat-06e10764bb376b6fb",
                "network_interface_id": "",
                "transit_gateway_id": "",
                "vpc_peering_connection_id": ""
              }
            ],
            "tags": {
              "Name": "Private Route B"
            },
            "vpc_id": "vpc-04b21643d4c8f7c84"
          },
          "private": "bnVsbA==",
          "depends_on": [
            "aws_nat_gateway.public_nat_b",
            "aws_vpc.default"
          ]
        }
      ]
    },
    {
      "mode": "managed",
      "type": "aws_route_table",
      "name": "public_route_a",
      "provider": "provider.aws",
      "instances": [
        {
          "schema_version": 0,
          "attributes": {
            "id": "rtb-0bf5444926a4ed511",
            "owner_id": "906428324182",
            "propagating_vgws": [],
            "route": [
              {
                "cidr_block": "0.0.0.0/0",
                "egress_only_gateway_id": "",
                "gateway_id": "igw-0cb5e9dc776a6d4fc",
                "instance_id": "",
                "ipv6_cidr_block": "",
                "nat_gateway_id": "",
                "network_interface_id": "",
                "transit_gateway_id": "",
                "vpc_peering_connection_id": ""
              }
            ],
            "tags": {
              "Name": "Public Route A"
            },
            "vpc_id": "vpc-04b21643d4c8f7c84"
          },
          "private": "bnVsbA==",
          "depends_on": [
            "aws_internet_gateway.gw",
            "aws_vpc.default"
          ]
        }
      ]
    },
    {
      "mode": "managed",
      "type": "aws_route_table",
      "name": "public_route_b",
      "provider": "provider.aws",
      "instances": [
        {
          "schema_version": 0,
          "attributes": {
            "id": "rtb-001b1fc28fcfca05e",
            "owner_id": "906428324182",
            "propagating_vgws": [],
            "route": [
              {
                "cidr_block": "0.0.0.0/0",
                "egress_only_gateway_id": "",
                "gateway_id": "igw-0cb5e9dc776a6d4fc",
                "instance_id": "",
                "ipv6_cidr_block": "",
                "nat_gateway_id": "",
                "network_interface_id": "",
                "transit_gateway_id": "",
                "vpc_peering_connection_id": ""
              }
            ],
            "tags": {
              "Name": "Public Route B"
            },
            "vpc_id": "vpc-04b21643d4c8f7c84"
          },
          "private": "bnVsbA==",
          "depends_on": [
            "aws_internet_gateway.gw",
            "aws_vpc.default"
          ]
        }
      ]
    },
    {
      "mode": "managed",
      "type": "aws_route_table_association",
      "name": "PrivateSubnetA",
      "provider": "provider.aws",
      "instances": [
        {
          "schema_version": 0,
          "attributes": {
            "gateway_id": null,
            "id": "rtbassoc-0ef662f8b4562c585",
            "route_table_id": "rtb-0648541b68d6f3751",
            "subnet_id": "subnet-0d8fdb43897c68c14"
          },
          "private": "bnVsbA==",
          "depends_on": [
            "aws_route_table.private_route_a",
            "aws_subnet.PrivateSubnetA"
          ]
        }
      ]
    },
    {
      "mode": "managed",
      "type": "aws_route_table_association",
      "name": "PrivateSubnetB",
      "provider": "provider.aws",
      "instances": [
        {
          "schema_version": 0,
          "attributes": {
            "gateway_id": null,
            "id": "rtbassoc-0bbc6b5d6b035e511",
            "route_table_id": "rtb-0cf02f1067a055cb7",
            "subnet_id": "subnet-046eed321ea9f5edf"
          },
          "private": "bnVsbA==",
          "depends_on": [
            "aws_route_table.private_route_b",
            "aws_subnet.PrivateSubnetB"
          ]
        }
      ]
    },
    {
      "mode": "managed",
      "type": "aws_route_table_association",
      "name": "PublicSubnetA",
      "provider": "provider.aws",
      "instances": [
        {
          "schema_version": 0,
          "attributes": {
            "gateway_id": null,
            "id": "rtbassoc-09b0416a42a06f5d9",
            "route_table_id": "rtb-0bf5444926a4ed511",
            "subnet_id": "subnet-0ca63437a4e2139f0"
          },
          "private": "bnVsbA==",
          "depends_on": [
            "aws_route_table.public_route_a",
            "aws_subnet.PublicSubnetA"
          ]
        }
      ]
    },
    {
      "mode": "managed",
      "type": "aws_route_table_association",
      "name": "PublicSubnetB",
      "provider": "provider.aws",
      "instances": [
        {
          "schema_version": 0,
          "attributes": {
            "gateway_id": null,
            "id": "rtbassoc-044a62d0f7d3be98d",
            "route_table_id": "rtb-001b1fc28fcfca05e",
            "subnet_id": "subnet-048ed2fd4d4dcc092"
          },
          "private": "bnVsbA==",
          "depends_on": [
            "aws_route_table.public_route_b",
            "aws_subnet.PublicSubnetB"
          ]
        }
      ]
    },
    {
      "mode": "managed",
      "type": "aws_security_group",
      "name": "sec_lb",
      "provider": "provider.aws",
      "instances": [
        {
          "schema_version": 1,
          "attributes": {
            "arn": "arn:aws:ec2:ap-south-1:906428324182:security-group/sg-0971b708d66b1bfa6",
            "description": "Managed by Terraform",
            "egress": [
              {
                "cidr_blocks": [
                  "0.0.0.0/0"
                ],
                "description": "",
                "from_port": 0,
                "ipv6_cidr_blocks": [],
                "prefix_list_ids": [],
                "protocol": "-1",
                "security_groups": [],
                "self": false,
                "to_port": 0
              }
            ],
            "id": "sg-0971b708d66b1bfa6",
            "ingress": [
              {
                "cidr_blocks": [
                  "0.0.0.0/0"
                ],
                "description": "",
                "from_port": 80,
                "ipv6_cidr_blocks": [],
                "prefix_list_ids": [],
                "protocol": "tcp",
                "security_groups": [],
                "self": false,
                "to_port": 80
              }
            ],
            "name": "sec_elb",
            "name_prefix": null,
            "owner_id": "906428324182",
            "revoke_rules_on_delete": false,
            "tags": null,
            "timeouts": null,
            "vpc_id": "vpc-04b21643d4c8f7c84"
          },
          "private": "eyJlMmJmYjczMC1lY2FhLTExZTYtOGY4OC0zNDM2M2JjN2M0YzAiOnsiY3JlYXRlIjo2MDAwMDAwMDAwMDAsImRlbGV0ZSI6NjAwMDAwMDAwMDAwfSwic2NoZW1hX3ZlcnNpb24iOiIxIn0=",
          "depends_on": [
            "aws_vpc.default"
          ]
        }
      ]
    },
    {
      "mode": "managed",
      "type": "aws_security_group",
      "name": "sec_web",
      "provider": "provider.aws",
      "instances": [
        {
          "schema_version": 1,
          "attributes": {
            "arn": "arn:aws:ec2:ap-south-1:906428324182:security-group/sg-04cabaef6e69b6279",
            "description": "Used for autoscale group",
            "egress": [
              {
                "cidr_blocks": [
                  "0.0.0.0/0"
                ],
                "description": "",
                "from_port": 0,
                "ipv6_cidr_blocks": [],
                "prefix_list_ids": [],
                "protocol": "-1",
                "security_groups": [],
                "self": false,
                "to_port": 0
              }
            ],
            "id": "sg-04cabaef6e69b6279",
            "ingress": [
              {
                "cidr_blocks": [
                  "0.0.0.0/0"
                ],
                "description": "",
                "from_port": 22,
                "ipv6_cidr_blocks": [],
                "prefix_list_ids": [],
                "protocol": "tcp",
                "security_groups": [],
                "self": false,
                "to_port": 22
              },
              {
                "cidr_blocks": [
                  "0.0.0.0/0"
                ],
                "description": "",
                "from_port": 80,
                "ipv6_cidr_blocks": [],
                "prefix_list_ids": [],
                "protocol": "tcp",
                "security_groups": [],
                "self": false,
                "to_port": 80
              }
            ],
            "name": "sec_web",
            "name_prefix": null,
            "owner_id": "906428324182",
            "revoke_rules_on_delete": false,
            "tags": null,
            "timeouts": null,
            "vpc_id": "vpc-04b21643d4c8f7c84"
          },
          "private": "eyJlMmJmYjczMC1lY2FhLTExZTYtOGY4OC0zNDM2M2JjN2M0YzAiOnsiY3JlYXRlIjo2MDAwMDAwMDAwMDAsImRlbGV0ZSI6NjAwMDAwMDAwMDAwfSwic2NoZW1hX3ZlcnNpb24iOiIxIn0=",
          "depends_on": [
            "aws_vpc.default"
          ]
        }
      ]
    },
    {
      "mode": "managed",
      "type": "aws_subnet",
      "name": "PrivateSubnetA",
      "provider": "provider.aws",
      "instances": [
        {
          "schema_version": 1,
          "attributes": {
            "arn": "arn:aws:ec2:ap-south-1:906428324182:subnet/subnet-0d8fdb43897c68c14",
            "assign_ipv6_address_on_creation": false,
            "availability_zone": "ap-south-1a",
            "availability_zone_id": "aps1-az1",
            "cidr_block": "10.0.1.0/24",
            "id": "subnet-0d8fdb43897c68c14",
            "ipv6_cidr_block": "",
            "ipv6_cidr_block_association_id": "",
            "map_public_ip_on_launch": false,
            "owner_id": "906428324182",
            "tags": {
              "Name": "Private Subnet A"
            },
            "timeouts": null,
            "vpc_id": "vpc-04b21643d4c8f7c84"
          },
          "private": "eyJlMmJmYjczMC1lY2FhLTExZTYtOGY4OC0zNDM2M2JjN2M0YzAiOnsiY3JlYXRlIjo2MDAwMDAwMDAwMDAsImRlbGV0ZSI6MTIwMDAwMDAwMDAwMH0sInNjaGVtYV92ZXJzaW9uIjoiMSJ9",
          "depends_on": [
            "aws_vpc.default",
            "data.aws_availability_zones.available"
          ]
        }
      ]
    },
    {
      "mode": "managed",
      "type": "aws_subnet",
      "name": "PrivateSubnetB",
      "provider": "provider.aws",
      "instances": [
        {
          "schema_version": 1,
          "attributes": {
            "arn": "arn:aws:ec2:ap-south-1:906428324182:subnet/subnet-046eed321ea9f5edf",
            "assign_ipv6_address_on_creation": false,
            "availability_zone": "ap-south-1b",
            "availability_zone_id": "aps1-az3",
            "cidr_block": "10.0.3.0/24",
            "id": "subnet-046eed321ea9f5edf",
            "ipv6_cidr_block": "",
            "ipv6_cidr_block_association_id": "",
            "map_public_ip_on_launch": false,
            "owner_id": "906428324182",
            "tags": {
              "Name": "Private Subnet B"
            },
            "timeouts": null,
            "vpc_id": "vpc-04b21643d4c8f7c84"
          },
          "private": "eyJlMmJmYjczMC1lY2FhLTExZTYtOGY4OC0zNDM2M2JjN2M0YzAiOnsiY3JlYXRlIjo2MDAwMDAwMDAwMDAsImRlbGV0ZSI6MTIwMDAwMDAwMDAwMH0sInNjaGVtYV92ZXJzaW9uIjoiMSJ9",
          "depends_on": [
            "aws_vpc.default",
            "data.aws_availability_zones.available"
          ]
        }
      ]
    },
    {
      "mode": "managed",
      "type": "aws_subnet",
      "name": "PublicSubnetA",
      "provider": "provider.aws",
      "instances": [
        {
          "schema_version": 1,
          "attributes": {
            "arn": "arn:aws:ec2:ap-south-1:906428324182:subnet/subnet-0ca63437a4e2139f0",
            "assign_ipv6_address_on_creation": false,
            "availability_zone": "ap-south-1a",
            "availability_zone_id": "aps1-az1",
            "cidr_block": "10.0.0.0/24",
            "id": "subnet-0ca63437a4e2139f0",
            "ipv6_cidr_block": "",
            "ipv6_cidr_block_association_id": "",
            "map_public_ip_on_launch": false,
            "owner_id": "906428324182",
            "tags": {
              "Name": "Public Subnet A"
            },
            "timeouts": null,
            "vpc_id": "vpc-04b21643d4c8f7c84"
          },
          "private": "eyJlMmJmYjczMC1lY2FhLTExZTYtOGY4OC0zNDM2M2JjN2M0YzAiOnsiY3JlYXRlIjo2MDAwMDAwMDAwMDAsImRlbGV0ZSI6MTIwMDAwMDAwMDAwMH0sInNjaGVtYV92ZXJzaW9uIjoiMSJ9",
          "depends_on": [
            "aws_vpc.default",
            "data.aws_availability_zones.available"
          ]
        }
      ]
    },
    {
      "mode": "managed",
      "type": "aws_subnet",
      "name": "PublicSubnetB",
      "provider": "provider.aws",
      "instances": [
        {
          "schema_version": 1,
          "attributes": {
            "arn": "arn:aws:ec2:ap-south-1:906428324182:subnet/subnet-048ed2fd4d4dcc092",
            "assign_ipv6_address_on_creation": false,
            "availability_zone": "ap-south-1b",
            "availability_zone_id": "aps1-az3",
            "cidr_block": "10.0.2.0/24",
            "id": "subnet-048ed2fd4d4dcc092",
            "ipv6_cidr_block": "",
            "ipv6_cidr_block_association_id": "",
            "map_public_ip_on_launch": false,
            "owner_id": "906428324182",
            "tags": {
              "Name": "Public Subnet B"
            },
            "timeouts": null,
            "vpc_id": "vpc-04b21643d4c8f7c84"
          },
          "private": "eyJlMmJmYjczMC1lY2FhLTExZTYtOGY4OC0zNDM2M2JjN2M0YzAiOnsiY3JlYXRlIjo2MDAwMDAwMDAwMDAsImRlbGV0ZSI6MTIwMDAwMDAwMDAwMH0sInNjaGVtYV92ZXJzaW9uIjoiMSJ9",
          "depends_on": [
            "aws_vpc.default",
            "data.aws_availability_zones.available"
          ]
        }
      ]
    },
    {
      "mode": "managed",
      "type": "aws_vpc",
      "name": "default",
      "provider": "provider.aws",
      "instances": [
        {
          "schema_version": 1,
          "attributes": {
            "arn": "arn:aws:ec2:ap-south-1:906428324182:vpc/vpc-04b21643d4c8f7c84",
            "assign_generated_ipv6_cidr_block": false,
            "cidr_block": "10.0.0.0/20",
            "default_network_acl_id": "acl-0229c262121a6d094",
            "default_route_table_id": "rtb-0c3882f8ae7103eb1",
            "default_security_group_id": "sg-03b186413664878f9",
            "dhcp_options_id": "dopt-cfcf2ea4",
            "enable_classiclink": null,
            "enable_classiclink_dns_support": null,
            "enable_dns_hostnames": true,
            "enable_dns_support": true,
            "id": "vpc-04b21643d4c8f7c84",
            "instance_tenancy": "default",
            "ipv6_association_id": "",
            "ipv6_cidr_block": "",
            "main_route_table_id": "rtb-0c3882f8ae7103eb1",
            "owner_id": "906428324182",
            "tags": {
              "Name": "VPC"
            }
          },
          "private": "eyJzY2hlbWFfdmVyc2lvbiI6IjEifQ=="
        }
      ]
    }
  ]
}
